{
  "name": "dsh-quality-review",
  "version": "0.1.0",
  "lockfileVersion": 3,
  "requires": true,
  "packages": {
    "": {
      "name": "dsh-quality-review",
      "version": "0.1.0",
      "license": "MIT",
      "devDependencies": {
        "@deepseek-ai/cordis": "file:/Applications/DSH Desktop.app/Contents/Resources/app/node_modules/@deepseek-ai/cordis",
        "@deepseek-ai/dsh-agent": "file:/Applications/DSH Desktop.app/Contents/Resources/app/node_modules/@deepseek-ai/dsh-agent",
        "@deepseek-ai/dsh-llm": "file:/Applications/DSH Desktop.app/Contents/Resources/app/node_modules/@deepseek-ai/dsh-llm",
        "@deepseek-ai/schemastery": "file:/Applications/DSH Desktop.app/Contents/Resources/app/node_modules/@deepseek-ai/schemastery",
        "@types/node": "^22.0.0",
        "typescript": "^5.9.0"
      },
      "engines": {
        "node": ">=22.18"
      },
      "peerDependencies": {
        "@deepseek-ai/cordis": "^4.0.1",
        "@deepseek-ai/dsh-agent": "^0.1.2-alpha.1",
        "@deepseek-ai/dsh-llm": "^0.1.2-alpha.1",
        "@deepseek-ai/schemastery": "^3.18.1"
      }
    },
    "../../../../Applications/DSH Desktop.app/Contents/Resources/app/node_modules/@deepseek-ai/cordis": {
      "version": "4.0.1",
      "dev": true,
      "license": "MIT",
      "dependencies": {
        "@deepseek-ai/cosmokit": "^1.8.2",
        "@standard-schema/spec": "^1.1.0"
      },
      "bin": {
        "cordis": "bin.js"
      },
      "peerDependencies": {
        "@deepseek-ai/cordis-plugin-include": "^1.0.6",
        "@deepseek-ai/cordis-plugin-loader": "^1.0.2"
      },
      "peerDependenciesMeta": {
        "@deepseek-ai/cordis-plugin-include": {
          "optional": true
        },
        "@deepseek-ai/cordis-plugin-loader": {
          "optional": true
        }
      }
    },
    "../../../../Applications/DSH Desktop.app/Contents/Resources/app/node_modules/@deepseek-ai/dsh-agent": {
      "version": "0.1.2-alpha.1",
      "dev": true,
      "license": "MIT",
      "devDependencies": {
        "@deepseek-ai/cordis": "^4.0.1",
        "@deepseek-ai/dsh-invariants": "^0.1.2-alpha.1",
        "@deepseek-ai/dsh-llm": "^0.1.2-alpha.1",
        "@deepseek-ai/dsh-scope": "^0.1.2-alpha.1",
        "@deepseek-ai/dsh-session": "^0.1.2-alpha.1",
        "@deepseek-ai/dsh-system-prompt": "^0.1.2-alpha.1",
        "@deepseek-ai/dsh-typert-protocol": "^0.1.2-alpha.1",
        "@deepseek-ai/dsh-typert-registry": "^0.1.2-alpha.1"
      },
      "peerDependencies": {
        "@deepseek-ai/cordis": "^4.0.1",
        "@deepseek-ai/dsh-invariants": "^0.1.2-alpha.1",
        "@deepseek-ai/dsh-llm": "^0.1.2-alpha.1",
        "@deepseek-ai/dsh-scope": "^0.1.2-alpha.1",
        "@deepseek-ai/dsh-session": "^0.1.2-alpha.1",
        "@deepseek-ai/dsh-system-prompt": "^0.1.2-alpha.1",
        "@deepseek-ai/dsh-typert-protocol": "^0.1.2-alpha.1"
      }
    },
    "../../../../Applications/DSH Desktop.app/Contents/Resources/app/node_modules/@deepseek-ai/dsh-llm": {
      "version": "0.1.2-alpha.1",
      "dev": true,
      "license": "MIT",
      "dependencies": {
        "@deepseek-ai/dsh-util-crypto": "^0.1.2-alpha.1",
        "@deepseek-ai/schemastery": "^3.18.1",
        "zod": "^4.4.3"
      },
      "devDependencies": {
        "@deepseek-ai/cordis": "^4.0.1",
        "@deepseek-ai/dsh-attachment": "^0.1.2-alpha.1",
        "@deepseek-ai/dsh-brand": "^0.1.2-alpha.1",
        "@deepseek-ai/dsh-invariants": "^0.1.2-alpha.1",
        "@deepseek-ai/dsh-timeout": "^0.1.2-alpha.1",
        "@deepseek-ai/dsh-typert-protocol": "^0.1.2-alpha.1"
      },
      "peerDependencies": {
        "@deepseek-ai/cordis": "^4.0.1",
        "@deepseek-ai/dsh-attachment": "^0.1.2-alpha.1",
        "@deepseek-ai/dsh-brand": "^0.1.2-alpha.1",
        "@deepseek-ai/dsh-invariants": "^0.1.2-alpha.1",
        "@deepseek-ai/dsh-timeout": "^0.1.2-alpha.1",
        "@deepseek-ai/dsh-typert-protocol": "^0.1.2-alpha.1"
      }
    },
    "../../../../Applications/DSH Desktop.app/Contents/Resources/app/node_modules/@deepseek-ai/schemastery": {
      "version": "3.18.1",
      "dev": true,
      "license": "MIT",
      "dependencies": {
        "@deepseek-ai/cosmokit": "^1.8.2",
        "@standard-schema/spec": "^1.1.0"
      }
    },
    "node_modules/@deepseek-ai/cordis": {
      "resolved": "../../../../Applications/DSH Desktop.app/Contents/Resources/app/node_modules/@deepseek-ai/cordis",
      "link": true
    },
    "node_modules/@deepseek-ai/dsh-agent": {
      "resolved": "../../../../Applications/DSH Desktop.app/Contents/Resources/app/node_modules/@deepseek-ai/dsh-agent",
      "link": true
    },
    "node_modules/@deepseek-ai/dsh-llm": {
      "resolved": "../../../../Applications/DSH Desktop.app/Contents/Resources/app/node_modules/@deepseek-ai/dsh-llm",
      "link": true
    },
    "node_modules/@deepseek-ai/schemastery": {
      "resolved": "../../../../Applications/DSH Desktop.app/Contents/Resources/app/node_modules/@deepseek-ai/schemastery",
      "link": true
    },
    "node_modules/@types/node": {
      "version": "22.20.1",
      "resolved": "https://registry.npmjs.org/@types/node/-/node-22.20.1.tgz",
      "integrity": "sha512-EANqOCF9QFyra+4pfxUcX9STKJpCLjMbObVzljIJomAWSnuSIEAvyzEU53GaajbXJEgdh0iEcPL+DGvpUd4k1Q==",
      "dev": true,
      "license": "MIT",
      "dependencies": {
        "undici-types": "~6.21.0"
      }
    },
    "node_modules/typescript": {
      "version": "5.9.3",
      "resolved": "https://registry.npmjs.org/typescript/-/typescript-5.9.3.tgz",
      "integrity": "sha512-jl1vZzPDinLr9eUt3J/t7V6FgNEw9QjvBPdysz9KfQDD41fQrC2Y4vKQdiaUpFT4bXlb1RHhLpp8wtm6M5TgSw==",
      "dev": true,
      "license": "Apache-2.0",
      "bin": {
        "tsc": "bin/tsc",
        "tsserver": "bin/tsserver"
      },
      "engines": {
        "node": ">=14.17"
      }
    },
    "node_modules/undici-types": {
      "version": "6.21.0",
      "resolved": "https://registry.npmjs.org/undici-types/-/undici-types-6.21.0.tgz",
      "integrity": "sha512-iwDZqg0QAGrg9Rav5H4n0M64c3mkR59cJ6wQp+7C4nI0gsmExaedaYLNO44eT4AtBBwjbTiGPMlt2Md0T9H9JQ==",
      "dev": true,
      "license": "MIT"
    }
  }
}
